
Microsoft Visual Studio Solution File, Format Version 12.00
# Visual Studio 15
VisualStudioVersion = 15.0.28307.106
MinimumVisualStudioVersion = 10.0.40219.1
Project("{9A19103F-16F7-4668-BE54-9A1E7A4F7556}") = "fitnessapp", "fitnessapp.csproj", "{37586754-1A1D-49C7-B9FB-E3FF85129E1B}"
EndProject
Project("{FAE04EC0-301F-11D3-BF4B-00C04F79EFBC}") = "fitnessData", "..\fitnessData\fitnessData.csproj", "{40C8A169-D9DB-4D19-BBAD-C9677C58D7B8}"
EndProject
Global
	GlobalSection(SolutionConfigurationPlatforms) = preSolution
		Debug|Any CPU = Debug|Any CPU
		Release|Any CPU = Release|Any CPU
	EndGlobalSection
	GlobalSection(ProjectConfigurationPlatforms) = postSolution
		{37586754-1A1D-49C7-B9FB-E3FF85129E1B}.Debug|Any CPU.ActiveCfg = Debug|Any CPU
		{37586754-1A1D-49C7-B9FB-E3FF85129E1B}.Debug|Any CPU.Build.0 = Debug|Any CPU
		{37586754-1A1D-49C7-B9FB-E3FF85129E1B}.Release|Any CPU.ActiveCfg = Release|Any CPU
		{37586754-1A1D-49C7-B9FB-E3FF85129E1B}.Release|Any CPU.Build.0 = Release|Any CPU
		{40C8A169-D9DB-4D19-BBAD-C9677C58D7B8}.Debug|Any CPU.ActiveCfg = Debug|Any CPU
		{40C8A169-D9DB-4D19-BBAD-C9677C58D7B8}.Debug|Any CPU.Build.0 = Debug|Any CPU
		{40C8A169-D9DB-4D19-BBAD-C9677C58D7B8}.Release|Any CPU.ActiveCfg = Release|Any CPU
		{40C8A169-D9DB-4D19-BBAD-C9677C58D7B8}.Release|Any CPU.Build.0 = Release|Any CPU
	EndGlobalSection
	GlobalSection(SolutionProperties) = preSolution
		HideSolutionNode = FALSE
	EndGlobalSection
	GlobalSection(ExtensibilityGlobals) = postSolution
		SolutionGuid = {2B2B65AF-2152-4182-AA2C-BC7F6D46E4AF}
	EndGlobalSection
EndGlobal
